
Microsoft Visual Studio Solution File, Format Version 12.00
# Visual Studio Version 17
VisualStudioVersion = 17.5.33424.131
MinimumVisualStudioVersion = 10.0.40219.1
Project("{FAE04EC0-301F-11D3-BF4B-00C04F79EFBC}") = "VentasApp", "VentasApp\VentasApp.csproj", "{79032F43-DCDC-46CA-8AD2-12BB2CFD34D2}"
EndProject
Project("{FAE04EC0-301F-11D3-BF4B-00C04F79EFBC}") = "VentasApp.Core", "VentasApp.Core\VentasApp.Core.csproj", "{80ACDD0B-003F-4B4B-9858-BDBF1690C958}"
EndProject
Project("{FAE04EC0-301F-11D3-BF4B-00C04F79EFBC}") = "VentasApp.Application", "VentasApp.Application\VentasApp.Application.csproj", "{63D6AE00-EFC2-4FC7-8825-A043D22756B4}"
EndProject
Project("{FAE04EC0-301F-11D3-BF4B-00C04F79EFBC}") = "VentasApp.Infrastructure", "VentasApp.Infrastructure\VentasApp.Infrastructure.csproj", "{42023560-3B60-40C2-A16B-9867E17CDAC7}"
EndProject
Project("{FAE04EC0-301F-11D3-BF4B-00C04F79EFBC}") = "Tests", "Tests\Tests.csproj", "{678BF217-7A44-4F8F-83AA-0CDA3EDEA60E}"
EndProject
Global
	GlobalSection(SolutionConfigurationPlatforms) = preSolution
		Debug|Any CPU = Debug|Any CPU
		Release|Any CPU = Release|Any CPU
	EndGlobalSection
	GlobalSection(ProjectConfigurationPlatforms) = postSolution
		{79032F43-DCDC-46CA-8AD2-12BB2CFD34D2}.Debug|Any CPU.ActiveCfg = Debug|Any CPU
		{79032F43-DCDC-46CA-8AD2-12BB2CFD34D2}.Debug|Any CPU.Build.0 = Debug|Any CPU
		{79032F43-DCDC-46CA-8AD2-12BB2CFD34D2}.Release|Any CPU.ActiveCfg = Release|Any CPU
		{79032F43-DCDC-46CA-8AD2-12BB2CFD34D2}.Release|Any CPU.Build.0 = Release|Any CPU
		{80ACDD0B-003F-4B4B-9858-BDBF1690C958}.Debug|Any CPU.ActiveCfg = Debug|Any CPU
		{80ACDD0B-003F-4B4B-9858-BDBF1690C958}.Debug|Any CPU.Build.0 = Debug|Any CPU
		{80ACDD0B-003F-4B4B-9858-BDBF1690C958}.Release|Any CPU.ActiveCfg = Release|Any CPU
		{80ACDD0B-003F-4B4B-9858-BDBF1690C958}.Release|Any CPU.Build.0 = Release|Any CPU
		{63D6AE00-EFC2-4FC7-8825-A043D22756B4}.Debug|Any CPU.ActiveCfg = Debug|Any CPU
		{63D6AE00-EFC2-4FC7-8825-A043D22756B4}.Debug|Any CPU.Build.0 = Debug|Any CPU
		{63D6AE00-EFC2-4FC7-8825-A043D22756B4}.Release|Any CPU.ActiveCfg = Release|Any CPU
		{63D6AE00-EFC2-4FC7-8825-A043D22756B4}.Release|Any CPU.Build.0 = Release|Any CPU
		{42023560-3B60-40C2-A16B-9867E17CDAC7}.Debug|Any CPU.ActiveCfg = Debug|Any CPU
		{42023560-3B60-40C2-A16B-9867E17CDAC7}.Debug|Any CPU.Build.0 = Debug|Any CPU
		{42023560-3B60-40C2-A16B-9867E17CDAC7}.Release|Any CPU.ActiveCfg = Release|Any CPU
		{42023560-3B60-40C2-A16B-9867E17CDAC7}.Release|Any CPU.Build.0 = Release|Any CPU
		{678BF217-7A44-4F8F-83AA-0CDA3EDEA60E}.Debug|Any CPU.ActiveCfg = Debug|Any CPU
		{678BF217-7A44-4F8F-83AA-0CDA3EDEA60E}.Debug|Any CPU.Build.0 = Debug|Any CPU
		{678BF217-7A44-4F8F-83AA-0CDA3EDEA60E}.Release|Any CPU.ActiveCfg = Release|Any CPU
		{678BF217-7A44-4F8F-83AA-0CDA3EDEA60E}.Release|Any CPU.Build.0 = Release|Any CPU
	EndGlobalSection
	GlobalSection(SolutionProperties) = preSolution
		HideSolutionNode = FALSE
	EndGlobalSection
	GlobalSection(ExtensibilityGlobals) = postSolution
		SolutionGuid = {57AD1050-C0C2-4A56-9F9C-BC9C879A4813}
	EndGlobalSection
EndGlobal
